
Microsoft Visual Studio Solution File, Format Version 12.00
# Visual Studio 15
VisualStudioVersion = 15.0.28307.489
MinimumVisualStudioVersion = 10.0.40219.1
Project("{FAE04EC0-301F-11D3-BF4B-00C04F79EFBC}") = "ReflDemos", "ReflDemos.csproj", "{6DADC87C-32C9-4477-A501-34B65927DE5D}"
EndProject
Project("{FAE04EC0-301F-11D3-BF4B-00C04F79EFBC}") = "NamedParams", "..\NamedParams\NamedParams.csproj", "{836C777A-46A9-4BA7-9D9F-AD4C773F5913}"
EndProject
Project("{FAE04EC0-301F-11D3-BF4B-00C04F79EFBC}") = "OptDemos", "OptDemos\OptDemos.csproj", "{FDF35DED-57E1-40EE-83F8-8B4143E715E7}"
EndProject
Project("{FAE04EC0-301F-11D3-BF4B-00C04F79EFBC}") = "ReflectionDemos", "ReflectionDemos\ReflectionDemos.csproj", "{B7394A7F-0DC2-408B-878B-B431920D5EC7}"
EndProject
Project("{FAE04EC0-301F-11D3-BF4B-00C04F79EFBC}") = "ReflectionClient", "ReflectionClient\ReflectionClient.csproj", "{973FA497-5EF6-4C55-A5A7-79321B7011EC}"
EndProject
Project("{FAE04EC0-301F-11D3-BF4B-00C04F79EFBC}") = "clsStudent", "clsStudent\clsStudent.csproj", "{B78C08DF-303C-451B-94AF-200569993688}"
EndProject
Project("{FAE04EC0-301F-11D3-BF4B-00C04F79EFBC}") = "ReflectionTests", "ReflectionTests\ReflectionTests.csproj", "{C1130762-85AE-4C2F-8045-5BEBC28D5B8D}"
EndProject
Project("{FAE04EC0-301F-11D3-BF4B-00C04F79EFBC}") = "clsCustomerDemo", "clsCustomerDemo\clsCustomerDemo.csproj", "{0E0A44A0-EFD6-4684-8B62-257CC99BB6A5}"
EndProject
Project("{FAE04EC0-301F-11D3-BF4B-00C04F79EFBC}") = "ClientCustomer", "ClientCustomer\ClientCustomer.csproj", "{534707BB-2541-45FA-B6EA-188AFA183D5B}"
EndProject
Project("{FAE04EC0-301F-11D3-BF4B-00C04F79EFBC}") = "ExtnDemos", "ExtnDemos\ExtnDemos.csproj", "{A42029C5-1CBB-45F9-A364-AC98AEA136E9}"
EndProject
Global
	GlobalSection(SolutionConfigurationPlatforms) = preSolution
		Debug|Any CPU = Debug|Any CPU
		Release|Any CPU = Release|Any CPU
	EndGlobalSection
	GlobalSection(ProjectConfigurationPlatforms) = postSolution
		{6DADC87C-32C9-4477-A501-34B65927DE5D}.Debug|Any CPU.ActiveCfg = Debug|Any CPU
		{6DADC87C-32C9-4477-A501-34B65927DE5D}.Debug|Any CPU.Build.0 = Debug|Any CPU
		{6DADC87C-32C9-4477-A501-34B65927DE5D}.Release|Any CPU.ActiveCfg = Release|Any CPU
		{6DADC87C-32C9-4477-A501-34B65927DE5D}.Release|Any CPU.Build.0 = Release|Any CPU
		{836C777A-46A9-4BA7-9D9F-AD4C773F5913}.Debug|Any CPU.ActiveCfg = Debug|Any CPU
		{836C777A-46A9-4BA7-9D9F-AD4C773F5913}.Debug|Any CPU.Build.0 = Debug|Any CPU
		{836C777A-46A9-4BA7-9D9F-AD4C773F5913}.Release|Any CPU.ActiveCfg = Release|Any CPU
		{836C777A-46A9-4BA7-9D9F-AD4C773F5913}.Release|Any CPU.Build.0 = Release|Any CPU
		{FDF35DED-57E1-40EE-83F8-8B4143E715E7}.Debug|Any CPU.ActiveCfg = Debug|Any CPU
		{FDF35DED-57E1-40EE-83F8-8B4143E715E7}.Debug|Any CPU.Build.0 = Debug|Any CPU
		{FDF35DED-57E1-40EE-83F8-8B4143E715E7}.Release|Any CPU.ActiveCfg = Release|Any CPU
		{FDF35DED-57E1-40EE-83F8-8B4143E715E7}.Release|Any CPU.Build.0 = Release|Any CPU
		{B7394A7F-0DC2-408B-878B-B431920D5EC7}.Debug|Any CPU.ActiveCfg = Debug|Any CPU
		{B7394A7F-0DC2-408B-878B-B431920D5EC7}.Debug|Any CPU.Build.0 = Debug|Any CPU
		{B7394A7F-0DC2-408B-878B-B431920D5EC7}.Release|Any CPU.ActiveCfg = Release|Any CPU
		{B7394A7F-0DC2-408B-878B-B431920D5EC7}.Release|Any CPU.Build.0 = Release|Any CPU
		{973FA497-5EF6-4C55-A5A7-79321B7011EC}.Debug|Any CPU.ActiveCfg = Debug|Any CPU
		{973FA497-5EF6-4C55-A5A7-79321B7011EC}.Debug|Any CPU.Build.0 = Debug|Any CPU
		{973FA497-5EF6-4C55-A5A7-79321B7011EC}.Release|Any CPU.ActiveCfg = Release|Any CPU
		{973FA497-5EF6-4C55-A5A7-79321B7011EC}.Release|Any CPU.Build.0 = Release|Any CPU
		{B78C08DF-303C-451B-94AF-200569993688}.Debug|Any CPU.ActiveCfg = Debug|Any CPU
		{B78C08DF-303C-451B-94AF-200569993688}.Debug|Any CPU.Build.0 = Debug|Any CPU
		{B78C08DF-303C-451B-94AF-200569993688}.Release|Any CPU.ActiveCfg = Release|Any CPU
		{B78C08DF-303C-451B-94AF-200569993688}.Release|Any CPU.Build.0 = Release|Any CPU
		{C1130762-85AE-4C2F-8045-5BEBC28D5B8D}.Debug|Any CPU.ActiveCfg = Debug|Any CPU
		{C1130762-85AE-4C2F-8045-5BEBC28D5B8D}.Debug|Any CPU.Build.0 = Debug|Any CPU
		{C1130762-85AE-4C2F-8045-5BEBC28D5B8D}.Release|Any CPU.ActiveCfg = Release|Any CPU
		{C1130762-85AE-4C2F-8045-5BEBC28D5B8D}.Release|Any CPU.Build.0 = Release|Any CPU
		{0E0A44A0-EFD6-4684-8B62-257CC99BB6A5}.Debug|Any CPU.ActiveCfg = Debug|Any CPU
		{0E0A44A0-EFD6-4684-8B62-257CC99BB6A5}.Debug|Any CPU.Build.0 = Debug|Any CPU
		{0E0A44A0-EFD6-4684-8B62-257CC99BB6A5}.Release|Any CPU.ActiveCfg = Release|Any CPU
		{0E0A44A0-EFD6-4684-8B62-257CC99BB6A5}.Release|Any CPU.Build.0 = Release|Any CPU
		{534707BB-2541-45FA-B6EA-188AFA183D5B}.Debug|Any CPU.ActiveCfg = Debug|Any CPU
		{534707BB-2541-45FA-B6EA-188AFA183D5B}.Debug|Any CPU.Build.0 = Debug|Any CPU
		{534707BB-2541-45FA-B6EA-188AFA183D5B}.Release|Any CPU.ActiveCfg = Release|Any CPU
		{534707BB-2541-45FA-B6EA-188AFA183D5B}.Release|Any CPU.Build.0 = Release|Any CPU
		{A42029C5-1CBB-45F9-A364-AC98AEA136E9}.Debug|Any CPU.ActiveCfg = Debug|Any CPU
		{A42029C5-1CBB-45F9-A364-AC98AEA136E9}.Debug|Any CPU.Build.0 = Debug|Any CPU
		{A42029C5-1CBB-45F9-A364-AC98AEA136E9}.Release|Any CPU.ActiveCfg = Release|Any CPU
		{A42029C5-1CBB-45F9-A364-AC98AEA136E9}.Release|Any CPU.Build.0 = Release|Any CPU
	EndGlobalSection
	GlobalSection(SolutionProperties) = preSolution
		HideSolutionNode = FALSE
	EndGlobalSection
	GlobalSection(ExtensibilityGlobals) = postSolution
		SolutionGuid = {6A6F16E4-6954-411E-873A-4D8AE7DD3675}
	EndGlobalSection
EndGlobal
