
Microsoft Visual Studio Solution File, Format Version 12.00
# Visual Studio 15
VisualStudioVersion = 15.0.28307.489
MinimumVisualStudioVersion = 10.0.40219.1
Project("{FAE04EC0-301F-11D3-BF4B-00C04F79EFBC}") = "SwithDemoEx", "SwithDemoEx.csproj", "{11DC01EC-027E-4970-9704-41D6C8BFE90E}"
EndProject
Project("{FAE04EC0-301F-11D3-BF4B-00C04F79EFBC}") = "ArrayDemo1", "..\ArrayDemo1\ArrayDemo1.csproj", "{7BDCB900-B1E4-4386-BBAF-5CC21C85EB78}"
EndProject
Project("{FAE04EC0-301F-11D3-BF4B-00C04F79EFBC}") = "ArrayDemo2", "ArrayDemo2\ArrayDemo2.csproj", "{127CCA2E-348A-403F-9945-6359DE5B9C0B}"
EndProject
Project("{FAE04EC0-301F-11D3-BF4B-00C04F79EFBC}") = "ArrDemo3", "ArrDemo3\ArrDemo3.csproj", "{2ABC6ED6-715D-4754-8CFD-25B0D05B8426}"
EndProject
Project("{FAE04EC0-301F-11D3-BF4B-00C04F79EFBC}") = "ArrStrInp", "ArrStrInp\ArrStrInp.csproj", "{613F6662-F83B-460C-8CA2-F47439EB03BE}"
EndProject
Project("{FAE04EC0-301F-11D3-BF4B-00C04F79EFBC}") = "ArrayDemo5", "ArrayDemo5\ArrayDemo5.csproj", "{2821A122-B283-4E7D-8A86-A579DDE23B2D}"
EndProject
Project("{FAE04EC0-301F-11D3-BF4B-00C04F79EFBC}") = "JaggedArrayDemo", "JaggedArrayDemo\JaggedArrayDemo.csproj", "{139F0658-85B5-4542-922A-62905ECF3DF2}"
EndProject
Project("{FAE04EC0-301F-11D3-BF4B-00C04F79EFBC}") = "CustomDemo", "CustomDemo\CustomDemo.csproj", "{D52397CF-28D8-4200-9C1F-98BDAA5168FA}"
EndProject
Project("{FAE04EC0-301F-11D3-BF4B-00C04F79EFBC}") = "StudentArray", "StudentArray\StudentArray.csproj", "{F5E94D7F-DD24-403E-A66E-BDB365BA0EC5}"
EndProject
Project("{FAE04EC0-301F-11D3-BF4B-00C04F79EFBC}") = "ParamDemo", "ParamDemo\ParamDemo.csproj", "{208F2175-5D41-497E-8604-3606077B4004}"
EndProject
Project("{FAE04EC0-301F-11D3-BF4B-00C04F79EFBC}") = "ParamDemos", "ParamDemos\ParamDemos.csproj", "{288EA539-C71A-47EE-924A-5F6E8E174490}"
EndProject
Project("{FAE04EC0-301F-11D3-BF4B-00C04F79EFBC}") = "StrDemo", "StrDemo\StrDemo.csproj", "{DAD8D3B4-D6F6-4E3E-89E2-12B1453D88E5}"
EndProject
Project("{FAE04EC0-301F-11D3-BF4B-00C04F79EFBC}") = "BoxingDemo", "BoxingDemo\BoxingDemo.csproj", "{6304ADDC-93B7-4F6A-851C-4577207D14AD}"
EndProject
Project("{FAE04EC0-301F-11D3-BF4B-00C04F79EFBC}") = "BoxRuntime", "BoxRuntime\BoxRuntime.csproj", "{0177E62E-9E64-4DBD-9B69-6435A4F91C51}"
EndProject
Project("{FAE04EC0-301F-11D3-BF4B-00C04F79EFBC}") = "BoxEmploy", "BoxEmploy\BoxEmploy.csproj", "{5C769C54-02FF-4EFF-85E5-43FD77BC4408}"
EndProject
Project("{FAE04EC0-301F-11D3-BF4B-00C04F79EFBC}") = "BoxRunC", "BoxRunC\BoxRunC.csproj", "{A5E3394C-CFD1-49A0-9FC6-9D5C666FD16B}"
EndProject
Project("{FAE04EC0-301F-11D3-BF4B-00C04F79EFBC}") = "AccessDemo", "AccessDemo\AccessDemo.csproj", "{1DE882AD-5FA1-445F-916D-B2539952F585}"
EndProject
Project("{FAE04EC0-301F-11D3-BF4B-00C04F79EFBC}") = "MethodOverload1", "MethodOverload1\MethodOverload1.csproj", "{B90B6028-20F2-4378-AB06-24AF7895244E}"
EndProject
Project("{FAE04EC0-301F-11D3-BF4B-00C04F79EFBC}") = "MethodOverload2", "MethodOverload2\MethodOverload2.csproj", "{6B76A317-1ACE-4DBC-8336-E06C83F5D16D}"
EndProject
Project("{FAE04EC0-301F-11D3-BF4B-00C04F79EFBC}") = "StrTest", "StrTest\StrTest.csproj", "{A1D4C0FA-D78B-43C7-8F35-85F3A70B9737}"
EndProject
Project("{FAE04EC0-301F-11D3-BF4B-00C04F79EFBC}") = "DemoNullType", "DemoNullType\DemoNullType.csproj", "{4334E2BF-CB20-4891-BA52-B73A9936F42B}"
EndProject
Project("{FAE04EC0-301F-11D3-BF4B-00C04F79EFBC}") = "StDemoEx", "StDemoEx\StDemoEx.csproj", "{D5F93D59-BADF-4838-86EC-C9A26C953A9E}"
EndProject
Global
	GlobalSection(SolutionConfigurationPlatforms) = preSolution
		Debug|Any CPU = Debug|Any CPU
		Release|Any CPU = Release|Any CPU
	EndGlobalSection
	GlobalSection(ProjectConfigurationPlatforms) = postSolution
		{11DC01EC-027E-4970-9704-41D6C8BFE90E}.Debug|Any CPU.ActiveCfg = Debug|Any CPU
		{11DC01EC-027E-4970-9704-41D6C8BFE90E}.Debug|Any CPU.Build.0 = Debug|Any CPU
		{11DC01EC-027E-4970-9704-41D6C8BFE90E}.Release|Any CPU.ActiveCfg = Release|Any CPU
		{11DC01EC-027E-4970-9704-41D6C8BFE90E}.Release|Any CPU.Build.0 = Release|Any CPU
		{7BDCB900-B1E4-4386-BBAF-5CC21C85EB78}.Debug|Any CPU.ActiveCfg = Debug|Any CPU
		{7BDCB900-B1E4-4386-BBAF-5CC21C85EB78}.Debug|Any CPU.Build.0 = Debug|Any CPU
		{7BDCB900-B1E4-4386-BBAF-5CC21C85EB78}.Release|Any CPU.ActiveCfg = Release|Any CPU
		{7BDCB900-B1E4-4386-BBAF-5CC21C85EB78}.Release|Any CPU.Build.0 = Release|Any CPU
		{127CCA2E-348A-403F-9945-6359DE5B9C0B}.Debug|Any CPU.ActiveCfg = Debug|Any CPU
		{127CCA2E-348A-403F-9945-6359DE5B9C0B}.Debug|Any CPU.Build.0 = Debug|Any CPU
		{127CCA2E-348A-403F-9945-6359DE5B9C0B}.Release|Any CPU.ActiveCfg = Release|Any CPU
		{127CCA2E-348A-403F-9945-6359DE5B9C0B}.Release|Any CPU.Build.0 = Release|Any CPU
		{2ABC6ED6-715D-4754-8CFD-25B0D05B8426}.Debug|Any CPU.ActiveCfg = Debug|Any CPU
		{2ABC6ED6-715D-4754-8CFD-25B0D05B8426}.Debug|Any CPU.Build.0 = Debug|Any CPU
		{2ABC6ED6-715D-4754-8CFD-25B0D05B8426}.Release|Any CPU.ActiveCfg = Release|Any CPU
		{2ABC6ED6-715D-4754-8CFD-25B0D05B8426}.Release|Any CPU.Build.0 = Release|Any CPU
		{613F6662-F83B-460C-8CA2-F47439EB03BE}.Debug|Any CPU.ActiveCfg = Debug|Any CPU
		{613F6662-F83B-460C-8CA2-F47439EB03BE}.Debug|Any CPU.Build.0 = Debug|Any CPU
		{613F6662-F83B-460C-8CA2-F47439EB03BE}.Release|Any CPU.ActiveCfg = Release|Any CPU
		{613F6662-F83B-460C-8CA2-F47439EB03BE}.Release|Any CPU.Build.0 = Release|Any CPU
		{2821A122-B283-4E7D-8A86-A579DDE23B2D}.Debug|Any CPU.ActiveCfg = Debug|Any CPU
		{2821A122-B283-4E7D-8A86-A579DDE23B2D}.Debug|Any CPU.Build.0 = Debug|Any CPU
		{2821A122-B283-4E7D-8A86-A579DDE23B2D}.Release|Any CPU.ActiveCfg = Release|Any CPU
		{2821A122-B283-4E7D-8A86-A579DDE23B2D}.Release|Any CPU.Build.0 = Release|Any CPU
		{139F0658-85B5-4542-922A-62905ECF3DF2}.Debug|Any CPU.ActiveCfg = Debug|Any CPU
		{139F0658-85B5-4542-922A-62905ECF3DF2}.Debug|Any CPU.Build.0 = Debug|Any CPU
		{139F0658-85B5-4542-922A-62905ECF3DF2}.Release|Any CPU.ActiveCfg = Release|Any CPU
		{139F0658-85B5-4542-922A-62905ECF3DF2}.Release|Any CPU.Build.0 = Release|Any CPU
		{D52397CF-28D8-4200-9C1F-98BDAA5168FA}.Debug|Any CPU.ActiveCfg = Debug|Any CPU
		{D52397CF-28D8-4200-9C1F-98BDAA5168FA}.Debug|Any CPU.Build.0 = Debug|Any CPU
		{D52397CF-28D8-4200-9C1F-98BDAA5168FA}.Release|Any CPU.ActiveCfg = Release|Any CPU
		{D52397CF-28D8-4200-9C1F-98BDAA5168FA}.Release|Any CPU.Build.0 = Release|Any CPU
		{F5E94D7F-DD24-403E-A66E-BDB365BA0EC5}.Debug|Any CPU.ActiveCfg = Debug|Any CPU
		{F5E94D7F-DD24-403E-A66E-BDB365BA0EC5}.Debug|Any CPU.Build.0 = Debug|Any CPU
		{F5E94D7F-DD24-403E-A66E-BDB365BA0EC5}.Release|Any CPU.ActiveCfg = Release|Any CPU
		{F5E94D7F-DD24-403E-A66E-BDB365BA0EC5}.Release|Any CPU.Build.0 = Release|Any CPU
		{208F2175-5D41-497E-8604-3606077B4004}.Debug|Any CPU.ActiveCfg = Debug|Any CPU
		{208F2175-5D41-497E-8604-3606077B4004}.Debug|Any CPU.Build.0 = Debug|Any CPU
		{208F2175-5D41-497E-8604-3606077B4004}.Release|Any CPU.ActiveCfg = Release|Any CPU
		{208F2175-5D41-497E-8604-3606077B4004}.Release|Any CPU.Build.0 = Release|Any CPU
		{288EA539-C71A-47EE-924A-5F6E8E174490}.Debug|Any CPU.ActiveCfg = Debug|Any CPU
		{288EA539-C71A-47EE-924A-5F6E8E174490}.Debug|Any CPU.Build.0 = Debug|Any CPU
		{288EA539-C71A-47EE-924A-5F6E8E174490}.Release|Any CPU.ActiveCfg = Release|Any CPU
		{288EA539-C71A-47EE-924A-5F6E8E174490}.Release|Any CPU.Build.0 = Release|Any CPU
		{DAD8D3B4-D6F6-4E3E-89E2-12B1453D88E5}.Debug|Any CPU.ActiveCfg = Debug|Any CPU
		{DAD8D3B4-D6F6-4E3E-89E2-12B1453D88E5}.Debug|Any CPU.Build.0 = Debug|Any CPU
		{DAD8D3B4-D6F6-4E3E-89E2-12B1453D88E5}.Release|Any CPU.ActiveCfg = Release|Any CPU
		{DAD8D3B4-D6F6-4E3E-89E2-12B1453D88E5}.Release|Any CPU.Build.0 = Release|Any CPU
		{6304ADDC-93B7-4F6A-851C-4577207D14AD}.Debug|Any CPU.ActiveCfg = Debug|Any CPU
		{6304ADDC-93B7-4F6A-851C-4577207D14AD}.Debug|Any CPU.Build.0 = Debug|Any CPU
		{6304ADDC-93B7-4F6A-851C-4577207D14AD}.Release|Any CPU.ActiveCfg = Release|Any CPU
		{6304ADDC-93B7-4F6A-851C-4577207D14AD}.Release|Any CPU.Build.0 = Release|Any CPU
		{0177E62E-9E64-4DBD-9B69-6435A4F91C51}.Debug|Any CPU.ActiveCfg = Debug|Any CPU
		{0177E62E-9E64-4DBD-9B69-6435A4F91C51}.Debug|Any CPU.Build.0 = Debug|Any CPU
		{0177E62E-9E64-4DBD-9B69-6435A4F91C51}.Release|Any CPU.ActiveCfg = Release|Any CPU
		{0177E62E-9E64-4DBD-9B69-6435A4F91C51}.Release|Any CPU.Build.0 = Release|Any CPU
		{5C769C54-02FF-4EFF-85E5-43FD77BC4408}.Debug|Any CPU.ActiveCfg = Debug|Any CPU
		{5C769C54-02FF-4EFF-85E5-43FD77BC4408}.Debug|Any CPU.Build.0 = Debug|Any CPU
		{5C769C54-02FF-4EFF-85E5-43FD77BC4408}.Release|Any CPU.ActiveCfg = Release|Any CPU
		{5C769C54-02FF-4EFF-85E5-43FD77BC4408}.Release|Any CPU.Build.0 = Release|Any CPU
		{A5E3394C-CFD1-49A0-9FC6-9D5C666FD16B}.Debug|Any CPU.ActiveCfg = Debug|Any CPU
		{A5E3394C-CFD1-49A0-9FC6-9D5C666FD16B}.Debug|Any CPU.Build.0 = Debug|Any CPU
		{A5E3394C-CFD1-49A0-9FC6-9D5C666FD16B}.Release|Any CPU.ActiveCfg = Release|Any CPU
		{A5E3394C-CFD1-49A0-9FC6-9D5C666FD16B}.Release|Any CPU.Build.0 = Release|Any CPU
		{1DE882AD-5FA1-445F-916D-B2539952F585}.Debug|Any CPU.ActiveCfg = Debug|Any CPU
		{1DE882AD-5FA1-445F-916D-B2539952F585}.Debug|Any CPU.Build.0 = Debug|Any CPU
		{1DE882AD-5FA1-445F-916D-B2539952F585}.Release|Any CPU.ActiveCfg = Release|Any CPU
		{1DE882AD-5FA1-445F-916D-B2539952F585}.Release|Any CPU.Build.0 = Release|Any CPU
		{B90B6028-20F2-4378-AB06-24AF7895244E}.Debug|Any CPU.ActiveCfg = Debug|Any CPU
		{B90B6028-20F2-4378-AB06-24AF7895244E}.Debug|Any CPU.Build.0 = Debug|Any CPU
		{B90B6028-20F2-4378-AB06-24AF7895244E}.Release|Any CPU.ActiveCfg = Release|Any CPU
		{B90B6028-20F2-4378-AB06-24AF7895244E}.Release|Any CPU.Build.0 = Release|Any CPU
		{6B76A317-1ACE-4DBC-8336-E06C83F5D16D}.Debug|Any CPU.ActiveCfg = Debug|Any CPU
		{6B76A317-1ACE-4DBC-8336-E06C83F5D16D}.Debug|Any CPU.Build.0 = Debug|Any CPU
		{6B76A317-1ACE-4DBC-8336-E06C83F5D16D}.Release|Any CPU.ActiveCfg = Release|Any CPU
		{6B76A317-1ACE-4DBC-8336-E06C83F5D16D}.Release|Any CPU.Build.0 = Release|Any CPU
		{A1D4C0FA-D78B-43C7-8F35-85F3A70B9737}.Debug|Any CPU.ActiveCfg = Debug|Any CPU
		{A1D4C0FA-D78B-43C7-8F35-85F3A70B9737}.Debug|Any CPU.Build.0 = Debug|Any CPU
		{A1D4C0FA-D78B-43C7-8F35-85F3A70B9737}.Release|Any CPU.ActiveCfg = Release|Any CPU
		{A1D4C0FA-D78B-43C7-8F35-85F3A70B9737}.Release|Any CPU.Build.0 = Release|Any CPU
		{4334E2BF-CB20-4891-BA52-B73A9936F42B}.Debug|Any CPU.ActiveCfg = Debug|Any CPU
		{4334E2BF-CB20-4891-BA52-B73A9936F42B}.Debug|Any CPU.Build.0 = Debug|Any CPU
		{4334E2BF-CB20-4891-BA52-B73A9936F42B}.Release|Any CPU.ActiveCfg = Release|Any CPU
		{4334E2BF-CB20-4891-BA52-B73A9936F42B}.Release|Any CPU.Build.0 = Release|Any CPU
		{D5F93D59-BADF-4838-86EC-C9A26C953A9E}.Debug|Any CPU.ActiveCfg = Debug|Any CPU
		{D5F93D59-BADF-4838-86EC-C9A26C953A9E}.Debug|Any CPU.Build.0 = Debug|Any CPU
		{D5F93D59-BADF-4838-86EC-C9A26C953A9E}.Release|Any CPU.ActiveCfg = Release|Any CPU
		{D5F93D59-BADF-4838-86EC-C9A26C953A9E}.Release|Any CPU.Build.0 = Release|Any CPU
	EndGlobalSection
	GlobalSection(SolutionProperties) = preSolution
		HideSolutionNode = FALSE
	EndGlobalSection
	GlobalSection(ExtensibilityGlobals) = postSolution
		SolutionGuid = {FCF6FF43-6AE8-47A0-9F35-1676EFB87E48}
	EndGlobalSection
EndGlobal
