
Microsoft Visual Studio Solution File, Format Version 12.00
# Visual Studio 15
VisualStudioVersion = 15.0.28307.539
MinimumVisualStudioVersion = 10.0.40219.1
Project("{FAE04EC0-301F-11D3-BF4B-00C04F79EFBC}") = "GuestBookApplication", "GuestBookApplication.csproj", "{090EA2B7-FD3C-4C4A-9D78-F6FED849E7D9}"
EndProject
Project("{FAE04EC0-301F-11D3-BF4B-00C04F79EFBC}") = "Capgemini.Guest.Entities", "..\Capgemini.Guest.Entities\Capgemini.Guest.Entities.csproj", "{580BDF01-C632-4236-9CDF-56134F70CE5C}"
EndProject
Project("{FAE04EC0-301F-11D3-BF4B-00C04F79EFBC}") = "Capgemini.Guest.Exceptions", "..\Capgemini.Guest.Exceptions\Capgemini.Guest.Exceptions.csproj", "{B2D24059-703C-4A85-8AE3-21EDBBCBF891}"
EndProject
Project("{FAE04EC0-301F-11D3-BF4B-00C04F79EFBC}") = "Capgemini.Guest.DataAccessLayer", "..\Capgemini.Guest.DataAccessLayer\Capgemini.Guest.DataAccessLayer.csproj", "{494AFB82-DC7C-4D2E-94B9-622A4534D5E7}"
EndProject
Project("{FAE04EC0-301F-11D3-BF4B-00C04F79EFBC}") = "Capgemini.Guest.BusinessLayer", "..\Capgemini.Guest.BusinessLayer\Capgemini.Guest.BusinessLayer.csproj", "{08DAA189-CFDA-46A9-A306-D7611284D333}"
EndProject
Global
	GlobalSection(SolutionConfigurationPlatforms) = preSolution
		Debug|Any CPU = Debug|Any CPU
		Release|Any CPU = Release|Any CPU
	EndGlobalSection
	GlobalSection(ProjectConfigurationPlatforms) = postSolution
		{090EA2B7-FD3C-4C4A-9D78-F6FED849E7D9}.Debug|Any CPU.ActiveCfg = Debug|Any CPU
		{090EA2B7-FD3C-4C4A-9D78-F6FED849E7D9}.Debug|Any CPU.Build.0 = Debug|Any CPU
		{090EA2B7-FD3C-4C4A-9D78-F6FED849E7D9}.Release|Any CPU.ActiveCfg = Release|Any CPU
		{090EA2B7-FD3C-4C4A-9D78-F6FED849E7D9}.Release|Any CPU.Build.0 = Release|Any CPU
		{580BDF01-C632-4236-9CDF-56134F70CE5C}.Debug|Any CPU.ActiveCfg = Debug|Any CPU
		{580BDF01-C632-4236-9CDF-56134F70CE5C}.Debug|Any CPU.Build.0 = Debug|Any CPU
		{580BDF01-C632-4236-9CDF-56134F70CE5C}.Release|Any CPU.ActiveCfg = Release|Any CPU
		{580BDF01-C632-4236-9CDF-56134F70CE5C}.Release|Any CPU.Build.0 = Release|Any CPU
		{B2D24059-703C-4A85-8AE3-21EDBBCBF891}.Debug|Any CPU.ActiveCfg = Debug|Any CPU
		{B2D24059-703C-4A85-8AE3-21EDBBCBF891}.Debug|Any CPU.Build.0 = Debug|Any CPU
		{B2D24059-703C-4A85-8AE3-21EDBBCBF891}.Release|Any CPU.ActiveCfg = Release|Any CPU
		{B2D24059-703C-4A85-8AE3-21EDBBCBF891}.Release|Any CPU.Build.0 = Release|Any CPU
		{494AFB82-DC7C-4D2E-94B9-622A4534D5E7}.Debug|Any CPU.ActiveCfg = Debug|Any CPU
		{494AFB82-DC7C-4D2E-94B9-622A4534D5E7}.Debug|Any CPU.Build.0 = Debug|Any CPU
		{494AFB82-DC7C-4D2E-94B9-622A4534D5E7}.Release|Any CPU.ActiveCfg = Release|Any CPU
		{494AFB82-DC7C-4D2E-94B9-622A4534D5E7}.Release|Any CPU.Build.0 = Release|Any CPU
		{08DAA189-CFDA-46A9-A306-D7611284D333}.Debug|Any CPU.ActiveCfg = Debug|Any CPU
		{08DAA189-CFDA-46A9-A306-D7611284D333}.Debug|Any CPU.Build.0 = Debug|Any CPU
		{08DAA189-CFDA-46A9-A306-D7611284D333}.Release|Any CPU.ActiveCfg = Release|Any CPU
		{08DAA189-CFDA-46A9-A306-D7611284D333}.Release|Any CPU.Build.0 = Release|Any CPU
	EndGlobalSection
	GlobalSection(SolutionProperties) = preSolution
		HideSolutionNode = FALSE
	EndGlobalSection
	GlobalSection(ExtensibilityGlobals) = postSolution
		SolutionGuid = {A0DF7FD6-C22F-457A-8F8A-92DA1F68316B}
	EndGlobalSection
EndGlobal
