
Microsoft Visual Studio Solution File, Format Version 12.00
# Visual Studio 15
VisualStudioVersion = 15.0.28307.489
MinimumVisualStudioVersion = 10.0.40219.1
Project("{FAE04EC0-301F-11D3-BF4B-00C04F79EFBC}") = "DemoWpf", "DemoWpf.csproj", "{38048FD5-C05A-46D1-9D74-0C65582C649F}"
EndProject
Global
	GlobalSection(SolutionConfigurationPlatforms) = preSolution
		Debug|Any CPU = Debug|Any CPU
		Release|Any CPU = Release|Any CPU
	EndGlobalSection
	GlobalSection(ProjectConfigurationPlatforms) = postSolution
		{38048FD5-C05A-46D1-9D74-0C65582C649F}.Debug|Any CPU.ActiveCfg = Debug|Any CPU
		{38048FD5-C05A-46D1-9D74-0C65582C649F}.Debug|Any CPU.Build.0 = Debug|Any CPU
		{38048FD5-C05A-46D1-9D74-0C65582C649F}.Release|Any CPU.ActiveCfg = Release|Any CPU
		{38048FD5-C05A-46D1-9D74-0C65582C649F}.Release|Any CPU.Build.0 = Release|Any CPU
	EndGlobalSection
	GlobalSection(SolutionProperties) = preSolution
		HideSolutionNode = FALSE
	EndGlobalSection
	GlobalSection(ExtensibilityGlobals) = postSolution
		SolutionGuid = {B173684F-6C1D-48C2-B2A8-A5A4591807E5}
	EndGlobalSection
EndGlobal
