
Microsoft Visual Studio Solution File, Format Version 11.00
# Visual Studio 2010
Project("{FAE04EC0-301F-11D3-BF4B-00C04F79EFBC}") = "Day2_ListBinding", "Day2_ListBinding\Day2_ListBinding.csproj", "{EB187107-A0FB-4F06-BCCD-195982ED8052}"
EndProject
Global
	GlobalSection(SolutionConfigurationPlatforms) = preSolution
		Debug|x86 = Debug|x86
		Release|x86 = Release|x86
	EndGlobalSection
	GlobalSection(ProjectConfigurationPlatforms) = postSolution
		{EB187107-A0FB-4F06-BCCD-195982ED8052}.Debug|x86.ActiveCfg = Debug|x86
		{EB187107-A0FB-4F06-BCCD-195982ED8052}.Debug|x86.Build.0 = Debug|x86
		{EB187107-A0FB-4F06-BCCD-195982ED8052}.Release|x86.ActiveCfg = Release|x86
		{EB187107-A0FB-4F06-BCCD-195982ED8052}.Release|x86.Build.0 = Release|x86
	EndGlobalSection
	GlobalSection(SolutionProperties) = preSolution
		HideSolutionNode = FALSE
	EndGlobalSection
EndGlobal
