
Microsoft Visual Studio Solution File, Format Version 12.00
# Visual Studio 2012
Project("{FAE04EC0-301F-11D3-BF4B-00C04F79EFBC}") = "SqlCredentialsDemo", "SqlCredentialsDemo\SqlCredentialsDemo.csproj", "{3BE597ED-BE37-439E-B4CF-598D4A2C3CF8}"
EndProject
Global
	GlobalSection(SolutionConfigurationPlatforms) = preSolution
		Debug|Any CPU = Debug|Any CPU
		Release|Any CPU = Release|Any CPU
	EndGlobalSection
	GlobalSection(ProjectConfigurationPlatforms) = postSolution
		{3BE597ED-BE37-439E-B4CF-598D4A2C3CF8}.Debug|Any CPU.ActiveCfg = Debug|Any CPU
		{3BE597ED-BE37-439E-B4CF-598D4A2C3CF8}.Debug|Any CPU.Build.0 = Debug|Any CPU
		{3BE597ED-BE37-439E-B4CF-598D4A2C3CF8}.Release|Any CPU.ActiveCfg = Release|Any CPU
		{3BE597ED-BE37-439E-B4CF-598D4A2C3CF8}.Release|Any CPU.Build.0 = Release|Any CPU
	EndGlobalSection
	GlobalSection(SolutionProperties) = preSolution
		HideSolutionNode = FALSE
	EndGlobalSection
EndGlobal
