
Microsoft Visual Studio Solution File, Format Version 12.00
# Visual Studio 2012
Project("{FAE04EC0-301F-11D3-BF4B-00C04F79EFBC}") = "OldAsyncProcessing", "OldAsyncProcessing\OldAsyncProcessing.csproj", "{C08D94C9-28B7-4B3C-99D6-DCEC7F681B82}"
EndProject
Global
	GlobalSection(SolutionConfigurationPlatforms) = preSolution
		Debug|Any CPU = Debug|Any CPU
		Release|Any CPU = Release|Any CPU
	EndGlobalSection
	GlobalSection(ProjectConfigurationPlatforms) = postSolution
		{C08D94C9-28B7-4B3C-99D6-DCEC7F681B82}.Debug|Any CPU.ActiveCfg = Debug|Any CPU
		{C08D94C9-28B7-4B3C-99D6-DCEC7F681B82}.Debug|Any CPU.Build.0 = Debug|Any CPU
		{C08D94C9-28B7-4B3C-99D6-DCEC7F681B82}.Release|Any CPU.ActiveCfg = Release|Any CPU
		{C08D94C9-28B7-4B3C-99D6-DCEC7F681B82}.Release|Any CPU.Build.0 = Release|Any CPU
	EndGlobalSection
	GlobalSection(SolutionProperties) = preSolution
		HideSolutionNode = FALSE
	EndGlobalSection
EndGlobal
