
Microsoft Visual Studio Solution File, Format Version 12.00
# Visual Studio 2013
VisualStudioVersion = 12.0.21005.1
MinimumVisualStudioVersion = 10.0.40219.1
Project("{FAE04EC0-301F-11D3-BF4B-00C04F79EFBC}") = "OOP01", "OOP01\OOP01.csproj", "{F70719DD-A500-4157-B635-6D114D5CB45B}"
EndProject
Project("{FAE04EC0-301F-11D3-BF4B-00C04F79EFBC}") = "OOP02", "OOP02\OOP02.csproj", "{2689977C-D683-4B84-8A7F-4E7FAE06C3A6}"
EndProject
Project("{FAE04EC0-301F-11D3-BF4B-00C04F79EFBC}") = "OOP03", "OOP03\OOP03.csproj", "{384E1DDE-223D-42DD-AC53-40F18A1DB6D5}"
EndProject
Project("{FAE04EC0-301F-11D3-BF4B-00C04F79EFBC}") = "OOP04", "OOP04\OOP04.csproj", "{EC753B38-31F9-4161-B601-65C2D0C3ED86}"
EndProject
Project("{FAE04EC0-301F-11D3-BF4B-00C04F79EFBC}") = "OOP05", "OOP05\OOP05.csproj", "{78DAFFB0-C492-4762-9385-7A8E3108F22C}"
EndProject
Project("{FAE04EC0-301F-11D3-BF4B-00C04F79EFBC}") = "OOP06", "OOP06\OOP06.csproj", "{A356B45C-D93A-4D94-9E13-D07C494EF31A}"
EndProject
Project("{FAE04EC0-301F-11D3-BF4B-00C04F79EFBC}") = "OOP07", "OOP07\OOP07.csproj", "{2E933D58-21DE-4774-A4F1-5881198C9F0C}"
EndProject
Project("{FAE04EC0-301F-11D3-BF4B-00C04F79EFBC}") = "OOP08", "OOP08\OOP08.csproj", "{3E774E97-BA00-4E04-88E4-C79830376625}"
EndProject
Project("{FAE04EC0-301F-11D3-BF4B-00C04F79EFBC}") = "OOP09", "OOP09\OOP09.csproj", "{FC11FEC5-2AAC-4650-94FA-FB5F24B3432A}"
EndProject
Project("{FAE04EC0-301F-11D3-BF4B-00C04F79EFBC}") = "OOP10", "OOP10\OOP10.csproj", "{ACE61949-03B5-478B-AE68-E80CDFA8C00E}"
EndProject
Project("{FAE04EC0-301F-11D3-BF4B-00C04F79EFBC}") = "OOP11", "OOP11\OOP11.csproj", "{75B8E53D-73E9-4A52-9D53-86FEA9CD0FB6}"
EndProject
Project("{FAE04EC0-301F-11D3-BF4B-00C04F79EFBC}") = "OOP12", "OOP12\OOP12.csproj", "{41B3817E-E355-4D4A-B662-FA456ABA0574}"
EndProject
Project("{FAE04EC0-301F-11D3-BF4B-00C04F79EFBC}") = "OOP13", "OOP13\OOP13.csproj", "{AC4FC667-2A10-434B-AB37-82D273E65C21}"
EndProject
Project("{FAE04EC0-301F-11D3-BF4B-00C04F79EFBC}") = "OOP14", "OOP14\OOP14.csproj", "{DAE25182-8E19-4A3C-9924-69C73B3488CF}"
EndProject
Project("{FAE04EC0-301F-11D3-BF4B-00C04F79EFBC}") = "OOP15", "OOP15\OOP15.csproj", "{A7B0280E-5847-40C9-9DAE-C2248B1B7D98}"
EndProject
Project("{FAE04EC0-301F-11D3-BF4B-00C04F79EFBC}") = "OOP16", "OOP16\OOP16.csproj", "{F3BDC4AF-ADFD-4E7A-8676-8E93701E9233}"
EndProject
Global
	GlobalSection(SolutionConfigurationPlatforms) = preSolution
		Debug|Any CPU = Debug|Any CPU
		Release|Any CPU = Release|Any CPU
	EndGlobalSection
	GlobalSection(ProjectConfigurationPlatforms) = postSolution
		{F70719DD-A500-4157-B635-6D114D5CB45B}.Debug|Any CPU.ActiveCfg = Debug|Any CPU
		{F70719DD-A500-4157-B635-6D114D5CB45B}.Debug|Any CPU.Build.0 = Debug|Any CPU
		{F70719DD-A500-4157-B635-6D114D5CB45B}.Release|Any CPU.ActiveCfg = Release|Any CPU
		{F70719DD-A500-4157-B635-6D114D5CB45B}.Release|Any CPU.Build.0 = Release|Any CPU
		{2689977C-D683-4B84-8A7F-4E7FAE06C3A6}.Debug|Any CPU.ActiveCfg = Debug|Any CPU
		{2689977C-D683-4B84-8A7F-4E7FAE06C3A6}.Debug|Any CPU.Build.0 = Debug|Any CPU
		{2689977C-D683-4B84-8A7F-4E7FAE06C3A6}.Release|Any CPU.ActiveCfg = Release|Any CPU
		{2689977C-D683-4B84-8A7F-4E7FAE06C3A6}.Release|Any CPU.Build.0 = Release|Any CPU
		{384E1DDE-223D-42DD-AC53-40F18A1DB6D5}.Debug|Any CPU.ActiveCfg = Debug|Any CPU
		{384E1DDE-223D-42DD-AC53-40F18A1DB6D5}.Debug|Any CPU.Build.0 = Debug|Any CPU
		{384E1DDE-223D-42DD-AC53-40F18A1DB6D5}.Release|Any CPU.ActiveCfg = Release|Any CPU
		{384E1DDE-223D-42DD-AC53-40F18A1DB6D5}.Release|Any CPU.Build.0 = Release|Any CPU
		{EC753B38-31F9-4161-B601-65C2D0C3ED86}.Debug|Any CPU.ActiveCfg = Debug|Any CPU
		{EC753B38-31F9-4161-B601-65C2D0C3ED86}.Debug|Any CPU.Build.0 = Debug|Any CPU
		{EC753B38-31F9-4161-B601-65C2D0C3ED86}.Release|Any CPU.ActiveCfg = Release|Any CPU
		{EC753B38-31F9-4161-B601-65C2D0C3ED86}.Release|Any CPU.Build.0 = Release|Any CPU
		{78DAFFB0-C492-4762-9385-7A8E3108F22C}.Debug|Any CPU.ActiveCfg = Debug|Any CPU
		{78DAFFB0-C492-4762-9385-7A8E3108F22C}.Debug|Any CPU.Build.0 = Debug|Any CPU
		{78DAFFB0-C492-4762-9385-7A8E3108F22C}.Release|Any CPU.ActiveCfg = Release|Any CPU
		{78DAFFB0-C492-4762-9385-7A8E3108F22C}.Release|Any CPU.Build.0 = Release|Any CPU
		{A356B45C-D93A-4D94-9E13-D07C494EF31A}.Debug|Any CPU.ActiveCfg = Debug|Any CPU
		{A356B45C-D93A-4D94-9E13-D07C494EF31A}.Debug|Any CPU.Build.0 = Debug|Any CPU
		{A356B45C-D93A-4D94-9E13-D07C494EF31A}.Release|Any CPU.ActiveCfg = Release|Any CPU
		{A356B45C-D93A-4D94-9E13-D07C494EF31A}.Release|Any CPU.Build.0 = Release|Any CPU
		{2E933D58-21DE-4774-A4F1-5881198C9F0C}.Debug|Any CPU.ActiveCfg = Debug|Any CPU
		{2E933D58-21DE-4774-A4F1-5881198C9F0C}.Debug|Any CPU.Build.0 = Debug|Any CPU
		{2E933D58-21DE-4774-A4F1-5881198C9F0C}.Release|Any CPU.ActiveCfg = Release|Any CPU
		{2E933D58-21DE-4774-A4F1-5881198C9F0C}.Release|Any CPU.Build.0 = Release|Any CPU
		{3E774E97-BA00-4E04-88E4-C79830376625}.Debug|Any CPU.ActiveCfg = Debug|Any CPU
		{3E774E97-BA00-4E04-88E4-C79830376625}.Debug|Any CPU.Build.0 = Debug|Any CPU
		{3E774E97-BA00-4E04-88E4-C79830376625}.Release|Any CPU.ActiveCfg = Release|Any CPU
		{3E774E97-BA00-4E04-88E4-C79830376625}.Release|Any CPU.Build.0 = Release|Any CPU
		{FC11FEC5-2AAC-4650-94FA-FB5F24B3432A}.Debug|Any CPU.ActiveCfg = Debug|Any CPU
		{FC11FEC5-2AAC-4650-94FA-FB5F24B3432A}.Debug|Any CPU.Build.0 = Debug|Any CPU
		{FC11FEC5-2AAC-4650-94FA-FB5F24B3432A}.Release|Any CPU.ActiveCfg = Release|Any CPU
		{FC11FEC5-2AAC-4650-94FA-FB5F24B3432A}.Release|Any CPU.Build.0 = Release|Any CPU
		{ACE61949-03B5-478B-AE68-E80CDFA8C00E}.Debug|Any CPU.ActiveCfg = Debug|Any CPU
		{ACE61949-03B5-478B-AE68-E80CDFA8C00E}.Debug|Any CPU.Build.0 = Debug|Any CPU
		{ACE61949-03B5-478B-AE68-E80CDFA8C00E}.Release|Any CPU.ActiveCfg = Release|Any CPU
		{ACE61949-03B5-478B-AE68-E80CDFA8C00E}.Release|Any CPU.Build.0 = Release|Any CPU
		{75B8E53D-73E9-4A52-9D53-86FEA9CD0FB6}.Debug|Any CPU.ActiveCfg = Debug|Any CPU
		{75B8E53D-73E9-4A52-9D53-86FEA9CD0FB6}.Debug|Any CPU.Build.0 = Debug|Any CPU
		{75B8E53D-73E9-4A52-9D53-86FEA9CD0FB6}.Release|Any CPU.ActiveCfg = Release|Any CPU
		{75B8E53D-73E9-4A52-9D53-86FEA9CD0FB6}.Release|Any CPU.Build.0 = Release|Any CPU
		{41B3817E-E355-4D4A-B662-FA456ABA0574}.Debug|Any CPU.ActiveCfg = Debug|Any CPU
		{41B3817E-E355-4D4A-B662-FA456ABA0574}.Debug|Any CPU.Build.0 = Debug|Any CPU
		{41B3817E-E355-4D4A-B662-FA456ABA0574}.Release|Any CPU.ActiveCfg = Release|Any CPU
		{41B3817E-E355-4D4A-B662-FA456ABA0574}.Release|Any CPU.Build.0 = Release|Any CPU
		{AC4FC667-2A10-434B-AB37-82D273E65C21}.Debug|Any CPU.ActiveCfg = Debug|Any CPU
		{AC4FC667-2A10-434B-AB37-82D273E65C21}.Debug|Any CPU.Build.0 = Debug|Any CPU
		{AC4FC667-2A10-434B-AB37-82D273E65C21}.Release|Any CPU.ActiveCfg = Release|Any CPU
		{AC4FC667-2A10-434B-AB37-82D273E65C21}.Release|Any CPU.Build.0 = Release|Any CPU
		{DAE25182-8E19-4A3C-9924-69C73B3488CF}.Debug|Any CPU.ActiveCfg = Debug|Any CPU
		{DAE25182-8E19-4A3C-9924-69C73B3488CF}.Debug|Any CPU.Build.0 = Debug|Any CPU
		{DAE25182-8E19-4A3C-9924-69C73B3488CF}.Release|Any CPU.ActiveCfg = Release|Any CPU
		{DAE25182-8E19-4A3C-9924-69C73B3488CF}.Release|Any CPU.Build.0 = Release|Any CPU
		{A7B0280E-5847-40C9-9DAE-C2248B1B7D98}.Debug|Any CPU.ActiveCfg = Debug|Any CPU
		{A7B0280E-5847-40C9-9DAE-C2248B1B7D98}.Debug|Any CPU.Build.0 = Debug|Any CPU
		{A7B0280E-5847-40C9-9DAE-C2248B1B7D98}.Release|Any CPU.ActiveCfg = Release|Any CPU
		{A7B0280E-5847-40C9-9DAE-C2248B1B7D98}.Release|Any CPU.Build.0 = Release|Any CPU
		{F3BDC4AF-ADFD-4E7A-8676-8E93701E9233}.Debug|Any CPU.ActiveCfg = Debug|Any CPU
		{F3BDC4AF-ADFD-4E7A-8676-8E93701E9233}.Debug|Any CPU.Build.0 = Debug|Any CPU
		{F3BDC4AF-ADFD-4E7A-8676-8E93701E9233}.Release|Any CPU.ActiveCfg = Release|Any CPU
		{F3BDC4AF-ADFD-4E7A-8676-8E93701E9233}.Release|Any CPU.Build.0 = Release|Any CPU
	EndGlobalSection
	GlobalSection(SolutionProperties) = preSolution
		HideSolutionNode = FALSE
	EndGlobalSection
EndGlobal
